// !$*UTF8*$!
{
	archiveVersion = 1;
	classes = {
	};
	objectVersion = 50;
	objects = {

/* Begin PBXBuildFile section */
		884209C320B5BAF300EB9CB2 /* Realm.framework in Frameworks */ = {isa = PBXBuildFile; fileRef = 884209C220B5BAF300EB9CB2 /* Realm.framework */; };
		884209C520B5BAFF00EB9CB2 /* RealmSwift.framework in Frameworks */ = {isa = PBXBuildFile; fileRef = 884209C420B5BAFF00EB9CB2 /* RealmSwift.framework */; };
		884209C820B5BBE600EB9CB2 /* FilerStore.swift in Sources */ = {isa = PBXBuildFile; fileRef = 884209C720B5BBE600EB9CB2 /* FilerStore.swift */; };
		884209CA20B5C11800EB9CB2 /* FilerDB.swift in Sources */ = {isa = PBXBuildFile; fileRef = 884209C920B5C11800EB9CB2 /* FilerDB.swift */; };
		887C2C8720B019EB0026A1BC /* ScraperStore.swift in Sources */ = {isa = PBXBuildFile; fileRef = 887C2C8620B019EB0026A1BC /* ScraperStore.swift */; };
		887C2C8920B01AB50026A1BC /* ScraperEntity.swift in Sources */ = {isa = PBXBuildFile; fileRef = 887C2C8820B01AB50026A1BC /* ScraperEntity.swift */; };
		887C2C8B20B01B4B0026A1BC /* RxMoya.framework in Frameworks */ = {isa = PBXBuildFile; fileRef = 887C2C8A20B01B4B0026A1BC /* RxMoya.framework */; };
		887C2C8D20B01B5A0026A1BC /* RxSwift.framework in Frameworks */ = {isa = PBXBuildFile; fileRef = 887C2C8C20B01B5A0026A1BC /* RxSwift.framework */; };
		887C2C9120B147A90026A1BC /* Filer.storyboard in Resources */ = {isa = PBXBuildFile; fileRef = 887C2C8F20B147A90026A1BC /* Filer.storyboard */; };
		887C2C9320B147E70026A1BC /* FilerCollectionViewController.swift in Sources */ = {isa = PBXBuildFile; fileRef = 887C2C9220B147E70026A1BC /* FilerCollectionViewController.swift */; };
		887C2C9520B14E6B0026A1BC /* FilerCollectionViewCell.swift in Sources */ = {isa = PBXBuildFile; fileRef = 887C2C9420B14E6B0026A1BC /* FilerCollectionViewCell.swift */; };
		887C2C9720B340D60026A1BC /* ScraperUseCase.swift in Sources */ = {isa = PBXBuildFile; fileRef = 887C2C9620B340D60026A1BC /* ScraperUseCase.swift */; };
		887C2C9A20B342DE0026A1BC /* Routes+UIViewController.swift in Sources */ = {isa = PBXBuildFile; fileRef = 887C2C9920B342DE0026A1BC /* Routes+UIViewController.swift */; };
		887C2C9C20B343980026A1BC /* Routes.swift in Sources */ = {isa = PBXBuildFile; fileRef = 887C2C9B20B343980026A1BC /* Routes.swift */; };
		887C2C9E20B344670026A1BC /* SwinjectStoryboard+Injector.swift in Sources */ = {isa = PBXBuildFile; fileRef = 887C2C9D20B344670026A1BC /* SwinjectStoryboard+Injector.swift */; };
		887C2CA020B344950026A1BC /* Swinject+Injector.swift in Sources */ = {isa = PBXBuildFile; fileRef = 887C2C9F20B344950026A1BC /* Swinject+Injector.swift */; };
		887C2CA220B3450D0026A1BC /* ScraperRepo.swift in Sources */ = {isa = PBXBuildFile; fileRef = 887C2CA120B3450D0026A1BC /* ScraperRepo.swift */; };
		887C2CA420B3459A0026A1BC /* ScraperModel.swift in Sources */ = {isa = PBXBuildFile; fileRef = 887C2CA320B3459A0026A1BC /* ScraperModel.swift */; };
		887C2CA620B345E40026A1BC /* Translator.swift in Sources */ = {isa = PBXBuildFile; fileRef = 887C2CA520B345E40026A1BC /* Translator.swift */; };
		887C2CA820B3464C0026A1BC /* ScraperModelTranslator.swift in Sources */ = {isa = PBXBuildFile; fileRef = 887C2CA720B3464C0026A1BC /* ScraperModelTranslator.swift */; };
		887C2CAA20B350C10026A1BC /* Swinject.framework in Frameworks */ = {isa = PBXBuildFile; fileRef = 887C2CA920B350C10026A1BC /* Swinject.framework */; };
		887C2CAC20B350D10026A1BC /* SwinjectStoryboard.framework in Frameworks */ = {isa = PBXBuildFile; fileRef = 887C2CAB20B350D10026A1BC /* SwinjectStoryboard.framework */; };
		88AB39FD20B00A830061DCF0 /* ScraperAPI.swift in Sources */ = {isa = PBXBuildFile; fileRef = 88AB39FC20B00A830061DCF0 /* ScraperAPI.swift */; };
		88AB39FF20B00B540061DCF0 /* Alamofire.framework in Frameworks */ = {isa = PBXBuildFile; fileRef = 88AB39FE20B00B540061DCF0 /* Alamofire.framework */; };
		88AB3A0120B00B670061DCF0 /* Result.framework in Frameworks */ = {isa = PBXBuildFile; fileRef = 88AB3A0020B00B670061DCF0 /* Result.framework */; };
		88AB3A0320B00B850061DCF0 /* Moya.framework in Frameworks */ = {isa = PBXBuildFile; fileRef = 88AB3A0220B00B850061DCF0 /* Moya.framework */; };
		88BEC0C120839CF300F84D89 /* AppDelegate.swift in Sources */ = {isa = PBXBuildFile; fileRef = 88BEC0C020839CF300F84D89 /* AppDelegate.swift */; };
		88BEC0C620839CF300F84D89 /* Main.storyboard in Resources */ = {isa = PBXBuildFile; fileRef = 88BEC0C420839CF300F84D89 /* Main.storyboard */; };
		88BEC0C820839CF400F84D89 /* Assets.xcassets in Resources */ = {isa = PBXBuildFile; fileRef = 88BEC0C720839CF400F84D89 /* Assets.xcassets */; };
		88BEC0CB20839CF400F84D89 /* LaunchScreen.storyboard in Resources */ = {isa = PBXBuildFile; fileRef = 88BEC0C920839CF400F84D89 /* LaunchScreen.storyboard */; };
		88BEC0D620839CF500F84D89 /* CamotesTests.swift in Sources */ = {isa = PBXBuildFile; fileRef = 88BEC0D520839CF500F84D89 /* CamotesTests.swift */; };
		88BEC0E120839CF500F84D89 /* CamotesUITests.swift in Sources */ = {isa = PBXBuildFile; fileRef = 88BEC0E020839CF500F84D89 /* CamotesUITests.swift */; };
		88BEC0FB2084F30F00F84D89 /* RootTabBarController.swift in Sources */ = {isa = PBXBuildFile; fileRef = 88BEC0FA2084F30F00F84D89 /* RootTabBarController.swift */; };
		88BEC0FE2084F92200F84D89 /* Browser.storyboard in Resources */ = {isa = PBXBuildFile; fileRef = 88BEC0FC2084F92200F84D89 /* Browser.storyboard */; };
		88BEC1012084FCC300F84D89 /* BrowserViewController.swift in Sources */ = {isa = PBXBuildFile; fileRef = 88BEC1002084FCC300F84D89 /* BrowserViewController.swift */; };
		88BEC10420850C2900F84D89 /* WebKit.framework in Frameworks */ = {isa = PBXBuildFile; fileRef = 88BEC10320850C2900F84D89 /* WebKit.framework */; };
/* End PBXBuildFile section */

/* Begin PBXContainerItemProxy section */
		88BEC0D220839CF500F84D89 /* PBXContainerItemProxy */ = {
			isa = PBXContainerItemProxy;
			containerPortal = 88BEC0B520839CF300F84D89 /* Project object */;
			proxyType = 1;
			remoteGlobalIDString = 88BEC0BC20839CF300F84D89;
			remoteInfo = Camotes;
		};
		88BEC0DD20839CF500F84D89 /* PBXContainerItemProxy */ = {
			isa = PBXContainerItemProxy;
			containerPortal = 88BEC0B520839CF300F84D89 /* Project object */;
			proxyType = 1;
			remoteGlobalIDString = 88BEC0BC20839CF300F84D89;
			remoteInfo = Camotes;
		};
/* End PBXContainerItemProxy section */

/* Begin PBXFileReference section */
		884209C220B5BAF300EB9CB2 /* Realm.framework */ = {isa = PBXFileReference; lastKnownFileType = wrapper.framework; name = Realm.framework; path = Carthage/Build/iOS/Realm.framework; sourceTree = "<group>"; };
		884209C420B5BAFF00EB9CB2 /* RealmSwift.framework */ = {isa = PBXFileReference; lastKnownFileType = wrapper.framework; name = RealmSwift.framework; path = Carthage/Build/iOS/RealmSwift.framework; sourceTree = "<group>"; };
		884209C720B5BBE600EB9CB2 /* FilerStore.swift */ = {isa = PBXFileReference; lastKnownFileType = sourcecode.swift; path = FilerStore.swift; sourceTree = "<group>"; };
		884209C920B5C11800EB9CB2 /* FilerDB.swift */ = {isa = PBXFileReference; lastKnownFileType = sourcecode.swift; path = FilerDB.swift; sourceTree = "<group>"; };
		887C2C8620B019EB0026A1BC /* ScraperStore.swift */ = {isa = PBXFileReference; lastKnownFileType = sourcecode.swift; path = ScraperStore.swift; sourceTree = "<group>"; };
		887C2C8820B01AB50026A1BC /* ScraperEntity.swift */ = {isa = PBXFileReference; lastKnownFileType = sourcecode.swift; path = ScraperEntity.swift; sourceTree = "<group>"; };
		887C2C8A20B01B4B0026A1BC /* RxMoya.framework */ = {isa = PBXFileReference; lastKnownFileType = wrapper.framework; name = RxMoya.framework; path = Carthage/Build/iOS/RxMoya.framework; sourceTree = "<group>"; };
		887C2C8C20B01B5A0026A1BC /* RxSwift.framework */ = {isa = PBXFileReference; lastKnownFileType = wrapper.framework; name = RxSwift.framework; path = Carthage/Build/iOS/RxSwift.framework; sourceTree = "<group>"; };
		887C2C9020B147A90026A1BC /* Base */ = {isa = PBXFileReference; lastKnownFileType = file.storyboard; name = Base; path = Camotes/UI/Storyboard/Base.lproj/Filer.storyboard; sourceTree = "<group>"; };
		887C2C9220B147E70026A1BC /* FilerCollectionViewController.swift */ = {isa = PBXFileReference; lastKnownFileType = sourcecode.swift; path = FilerCollectionViewController.swift; sourceTree = "<group>"; };
		887C2C9420B14E6B0026A1BC /* FilerCollectionViewCell.swift */ = {isa = PBXFileReference; lastKnownFileType = sourcecode.swift; path = FilerCollectionViewCell.swift; sourceTree = "<group>"; };
		887C2C9620B340D60026A1BC /* ScraperUseCase.swift */ = {isa = PBXFileReference; lastKnownFileType = sourcecode.swift; path = ScraperUseCase.swift; sourceTree = "<group>"; };
		887C2C9920B342DE0026A1BC /* Routes+UIViewController.swift */ = {isa = PBXFileReference; lastKnownFileType = sourcecode.swift; path = "Routes+UIViewController.swift"; sourceTree = "<group>"; };
		887C2C9B20B343980026A1BC /* Routes.swift */ = {isa = PBXFileReference; lastKnownFileType = sourcecode.swift; path = Routes.swift; sourceTree = "<group>"; };
		887C2C9D20B344670026A1BC /* SwinjectStoryboard+Injector.swift */ = {isa = PBXFileReference; lastKnownFileType = sourcecode.swift; path = "SwinjectStoryboard+Injector.swift"; sourceTree = "<group>"; };
		887C2C9F20B344950026A1BC /* Swinject+Injector.swift */ = {isa = PBXFileReference; lastKnownFileType = sourcecode.swift; path = "Swinject+Injector.swift"; sourceTree = "<group>"; };
		887C2CA120B3450D0026A1BC /* ScraperRepo.swift */ = {isa = PBXFileReference; lastKnownFileType = sourcecode.swift; path = ScraperRepo.swift; sourceTree = "<group>"; };
		887C2CA320B3459A0026A1BC /* ScraperModel.swift */ = {isa = PBXFileReference; lastKnownFileType = sourcecode.swift; path = ScraperModel.swift; sourceTree = "<group>"; };
		887C2CA520B345E40026A1BC /* Translator.swift */ = {isa = PBXFileReference; lastKnownFileType = sourcecode.swift; path = Translator.swift; sourceTree = "<group>"; };
		887C2CA720B3464C0026A1BC /* ScraperModelTranslator.swift */ = {isa = PBXFileReference; lastKnownFileType = sourcecode.swift; path = ScraperModelTranslator.swift; sourceTree = "<group>"; };
		887C2CA920B350C10026A1BC /* Swinject.framework */ = {isa = PBXFileReference; lastKnownFileType = wrapper.framework; name = Swinject.framework; path = Carthage/Build/iOS/Swinject.framework; sourceTree = "<group>"; };
		887C2CAB20B350D10026A1BC /* SwinjectStoryboard.framework */ = {isa = PBXFileReference; lastKnownFileType = wrapper.framework; name = SwinjectStoryboard.framework; path = Carthage/Build/iOS/SwinjectStoryboard.framework; sourceTree = "<group>"; };
		88AB39FC20B00A830061DCF0 /* ScraperAPI.swift */ = {isa = PBXFileReference; lastKnownFileType = sourcecode.swift; path = ScraperAPI.swift; sourceTree = "<group>"; };
		88AB39FE20B00B540061DCF0 /* Alamofire.framework */ = {isa = PBXFileReference; lastKnownFileType = wrapper.framework; name = Alamofire.framework; path = Carthage/Build/iOS/Alamofire.framework; sourceTree = "<group>"; };
		88AB3A0020B00B670061DCF0 /* Result.framework */ = {isa = PBXFileReference; lastKnownFileType = wrapper.framework; name = Result.framework; path = Carthage/Build/iOS/Result.framework; sourceTree = "<group>"; };
		88AB3A0220B00B850061DCF0 /* Moya.framework */ = {isa = PBXFileReference; lastKnownFileType = wrapper.framework; name = Moya.framework; path = Carthage/Build/iOS/Moya.framework; sourceTree = "<group>"; };
		88BEC0BD20839CF300F84D89 /* Camotes.app */ = {isa = PBXFileReference; explicitFileType = wrapper.application; includeInIndex = 0; path = Camotes.app; sourceTree = BUILT_PRODUCTS_DIR; };
		88BEC0C020839CF300F84D89 /* AppDelegate.swift */ = {isa = PBXFileReference; lastKnownFileType = sourcecode.swift; path = AppDelegate.swift; sourceTree = "<group>"; };
		88BEC0C520839CF300F84D89 /* Base */ = {isa = PBXFileReference; lastKnownFileType = file.storyboard; name = Base; path = Base.lproj/Main.storyboard; sourceTree = "<group>"; };
		88BEC0C720839CF400F84D89 /* Assets.xcassets */ = {isa = PBXFileReference; lastKnownFileType = folder.assetcatalog; path = Assets.xcassets; sourceTree = "<group>"; };
		88BEC0CA20839CF400F84D89 /* Base */ = {isa = PBXFileReference; lastKnownFileType = file.storyboard; name = Base; path = Base.lproj/LaunchScreen.storyboard; sourceTree = "<group>"; };
		88BEC0CC20839CF400F84D89 /* Info.plist */ = {isa = PBXFileReference; lastKnownFileType = text.plist.xml; path = Info.plist; sourceTree = "<group>"; };
		88BEC0D120839CF500F84D89 /* CamotesTests.xctest */ = {isa = PBXFileReference; explicitFileType = wrapper.cfbundle; includeInIndex = 0; path = CamotesTests.xctest; sourceTree = BUILT_PRODUCTS_DIR; };
		88BEC0D520839CF500F84D89 /* CamotesTests.swift */ = {isa = PBXFileReference; lastKnownFileType = sourcecode.swift; path = CamotesTests.swift; sourceTree = "<group>"; };
		88BEC0D720839CF500F84D89 /* Info.plist */ = {isa = PBXFileReference; lastKnownFileType = text.plist.xml; path = Info.plist; sourceTree = "<group>"; };
		88BEC0DC20839CF500F84D89 /* CamotesUITests.xctest */ = {isa = PBXFileReference; explicitFileType = wrapper.cfbundle; includeInIndex = 0; path = CamotesUITests.xctest; sourceTree = BUILT_PRODUCTS_DIR; };
		88BEC0E020839CF500F84D89 /* CamotesUITests.swift */ = {isa = PBXFileReference; lastKnownFileType = sourcecode.swift; path = CamotesUITests.swift; sourceTree = "<group>"; };
		88BEC0E220839CF500F84D89 /* Info.plist */ = {isa = PBXFileReference; lastKnownFileType = text.plist.xml; path = Info.plist; sourceTree = "<group>"; };
		88BEC0FA2084F30F00F84D89 /* RootTabBarController.swift */ = {isa = PBXFileReference; lastKnownFileType = sourcecode.swift; path = RootTabBarController.swift; sourceTree = "<group>"; };
		88BEC0FD2084F92200F84D89 /* Base */ = {isa = PBXFileReference; lastKnownFileType = file.storyboard; name = Base; path = Camotes/Base.lproj/Browser.storyboard; sourceTree = "<group>"; };
		88BEC1002084FCC300F84D89 /* BrowserViewController.swift */ = {isa = PBXFileReference; lastKnownFileType = sourcecode.swift; path = BrowserViewController.swift; sourceTree = "<group>"; };
		88BEC10320850C2900F84D89 /* WebKit.framework */ = {isa = PBXFileReference; lastKnownFileType = wrapper.framework; name = WebKit.framework; path = System/Library/Frameworks/WebKit.framework; sourceTree = SDKROOT; };
/* End PBXFileReference section */

/* Begin PBXFrameworksBuildPhase section */
		88BEC0BA20839CF300F84D89 /* Frameworks */ = {
			isa = PBXFrameworksBuildPhase;
			buildActionMask = 2147483647;
			files = (
				884209C520B5BAFF00EB9CB2 /* RealmSwift.framework in Frameworks */,
				884209C320B5BAF300EB9CB2 /* Realm.framework in Frameworks */,
				887C2CAC20B350D10026A1BC /* SwinjectStoryboard.framework in Frameworks */,
				887C2CAA20B350C10026A1BC /* Swinject.framework in Frameworks */,
				887C2C8D20B01B5A0026A1BC /* RxSwift.framework in Frameworks */,
				887C2C8B20B01B4B0026A1BC /* RxMoya.framework in Frameworks */,
				88AB3A0320B00B850061DCF0 /* Moya.framework in Frameworks */,
				88AB3A0120B00B670061DCF0 /* Result.framework in Frameworks */,
				88AB39FF20B00B540061DCF0 /* Alamofire.framework in Frameworks */,
				88BEC10420850C2900F84D89 /* WebKit.framework in Frameworks */,
			);
			runOnlyForDeploymentPostprocessing = 0;
		};
		88BEC0CE20839CF500F84D89 /* Frameworks */ = {
			isa = PBXFrameworksBuildPhase;
			buildActionMask = 2147483647;
			files = (
			);
			runOnlyForDeploymentPostprocessing = 0;
		};
		88BEC0D920839CF500F84D89 /* Frameworks */ = {
			isa = PBXFrameworksBuildPhase;
			buildActionMask = 2147483647;
			files = (
			);
			runOnlyForDeploymentPostprocessing = 0;
		};
/* End PBXFrameworksBuildPhase section */

/* Begin PBXGroup section */
		884209C620B5BB9C00EB9CB2 /* DB */ = {
			isa = PBXGroup;
			children = (
				884209C920B5C11800EB9CB2 /* FilerDB.swift */,
			);
			path = DB;
			sourceTree = "<group>";
		};
		887C2C8E20B144530026A1BC /* Filer */ = {
			isa = PBXGroup;
			children = (
				887C2C8F20B147A90026A1BC /* Filer.storyboard */,
				887C2C9220B147E70026A1BC /* FilerCollectionViewController.swift */,
				887C2C9420B14E6B0026A1BC /* FilerCollectionViewCell.swift */,
			);
			path = Filer;
			sourceTree = "<group>";
		};
		887C2C9820B3426B0026A1BC /* Routes */ = {
			isa = PBXGroup;
			children = (
				887C2C9B20B343980026A1BC /* Routes.swift */,
				887C2C9920B342DE0026A1BC /* Routes+UIViewController.swift */,
				887C2C9D20B344670026A1BC /* SwinjectStoryboard+Injector.swift */,
				887C2C9F20B344950026A1BC /* Swinject+Injector.swift */,
			);
			path = Routes;
			sourceTree = "<group>";
		};
		88AB39FA20B00A3B0061DCF0 /* API */ = {
			isa = PBXGroup;
			children = (
				88AB39FC20B00A830061DCF0 /* ScraperAPI.swift */,
			);
			path = API;
			sourceTree = "<group>";
		};
		88BEC0B420839CF300F84D89 = {
			isa = PBXGroup;
			children = (
				88BEC0BF20839CF300F84D89 /* Camotes */,
				88BEC0D420839CF500F84D89 /* CamotesTests */,
				88BEC0DF20839CF500F84D89 /* CamotesUITests */,
				88BEC0BE20839CF300F84D89 /* Products */,
				88BEC10220850C2800F84D89 /* Frameworks */,
			);
			sourceTree = "<group>";
		};
		88BEC0BE20839CF300F84D89 /* Products */ = {
			isa = PBXGroup;
			children = (
				88BEC0BD20839CF300F84D89 /* Camotes.app */,
				88BEC0D120839CF500F84D89 /* CamotesTests.xctest */,
				88BEC0DC20839CF500F84D89 /* CamotesUITests.xctest */,
			);
			name = Products;
			sourceTree = "<group>";
		};
		88BEC0BF20839CF300F84D89 /* Camotes */ = {
			isa = PBXGroup;
			children = (
				88BEC0EF2084F12500F84D89 /* Data */,
				88BEC0F02084F12F00F84D89 /* Domain */,
				88BEC0EE2084F11F00F84D89 /* UI */,
				887C2C9820B3426B0026A1BC /* Routes */,
				88BEC0C020839CF300F84D89 /* AppDelegate.swift */,
				88BEC0C920839CF400F84D89 /* LaunchScreen.storyboard */,
				88BEC0C420839CF300F84D89 /* Main.storyboard */,
				88BEC0C720839CF400F84D89 /* Assets.xcassets */,
				88BEC0CC20839CF400F84D89 /* Info.plist */,
			);
			path = Camotes;
			sourceTree = "<group>";
		};
		88BEC0D420839CF500F84D89 /* CamotesTests */ = {
			isa = PBXGroup;
			children = (
				88BEC0D520839CF500F84D89 /* CamotesTests.swift */,
				88BEC0D720839CF500F84D89 /* Info.plist */,
			);
			path = CamotesTests;
			sourceTree = "<group>";
		};
		88BEC0DF20839CF500F84D89 /* CamotesUITests */ = {
			isa = PBXGroup;
			children = (
				88BEC0E020839CF500F84D89 /* CamotesUITests.swift */,
				88BEC0E220839CF500F84D89 /* Info.plist */,
			);
			path = CamotesUITests;
			sourceTree = "<group>";
		};
		88BEC0EE2084F11F00F84D89 /* UI */ = {
			isa = PBXGroup;
			children = (
				88BEC0F12084F16A00F84D89 /* View */,
			);
			path = UI;
			sourceTree = "<group>";
		};
		88BEC0EF2084F12500F84D89 /* Data */ = {
			isa = PBXGroup;
			children = (
				88BEC0F62084F1E300F84D89 /* Entity */,
				88BEC0F72084F1EB00F84D89 /* Repo */,
				88BEC0F82084F1EF00F84D89 /* DataStore */,
			);
			path = Data;
			sourceTree = "<group>";
		};
		88BEC0F02084F12F00F84D89 /* Domain */ = {
			isa = PBXGroup;
			children = (
				88BEC0F42084F1BC00F84D89 /* Model */,
				88BEC0F52084F1C300F84D89 /* Trans */,
				88BEC0F32084F1B700F84D89 /* UseCaes */,
			);
			path = Domain;
			sourceTree = "<group>";
		};
		88BEC0F12084F16A00F84D89 /* View */ = {
			isa = PBXGroup;
			children = (
				887C2C8E20B144530026A1BC /* Filer */,
				88BEC0FF2084F93700F84D89 /* Browser */,
				88BEC0F92084F2E200F84D89 /* Root */,
			);
			path = View;
			sourceTree = "<group>";
		};
		88BEC0F32084F1B700F84D89 /* UseCaes */ = {
			isa = PBXGroup;
			children = (
				887C2C9620B340D60026A1BC /* ScraperUseCase.swift */,
			);
			path = UseCaes;
			sourceTree = "<group>";
		};
		88BEC0F42084F1BC00F84D89 /* Model */ = {
			isa = PBXGroup;
			children = (
				887C2CA320B3459A0026A1BC /* ScraperModel.swift */,
			);
			path = Model;
			sourceTree = "<group>";
		};
		88BEC0F52084F1C300F84D89 /* Trans */ = {
			isa = PBXGroup;
			children = (
				887C2CA520B345E40026A1BC /* Translator.swift */,
				887C2CA720B3464C0026A1BC /* ScraperModelTranslator.swift */,
			);
			path = Trans;
			sourceTree = "<group>";
		};
		88BEC0F62084F1E300F84D89 /* Entity */ = {
			isa = PBXGroup;
			children = (
				887C2C8820B01AB50026A1BC /* ScraperEntity.swift */,
			);
			path = Entity;
			sourceTree = "<group>";
		};
		88BEC0F72084F1EB00F84D89 /* Repo */ = {
			isa = PBXGroup;
			children = (
				887C2CA120B3450D0026A1BC /* ScraperRepo.swift */,
			);
			path = Repo;
			sourceTree = "<group>";
		};
		88BEC0F82084F1EF00F84D89 /* DataStore */ = {
			isa = PBXGroup;
			children = (
				884209C620B5BB9C00EB9CB2 /* DB */,
				88AB39FA20B00A3B0061DCF0 /* API */,
				887C2C8620B019EB0026A1BC /* ScraperStore.swift */,
				884209C720B5BBE600EB9CB2 /* FilerStore.swift */,
			);
			path = DataStore;
			sourceTree = "<group>";
		};
		88BEC0F92084F2E200F84D89 /* Root */ = {
			isa = PBXGroup;
			children = (
				88BEC0FA2084F30F00F84D89 /* RootTabBarController.swift */,
			);
			path = Root;
			sourceTree = "<group>";
		};
		88BEC0FF2084F93700F84D89 /* Browser */ = {
			isa = PBXGroup;
			children = (
				88BEC0FC2084F92200F84D89 /* Browser.storyboard */,
				88BEC1002084FCC300F84D89 /* BrowserViewController.swift */,
			);
			path = Browser;
			sourceTree = "<group>";
		};
		88BEC10220850C2800F84D89 /* Frameworks */ = {
			isa = PBXGroup;
			children = (
				884209C420B5BAFF00EB9CB2 /* RealmSwift.framework */,
				884209C220B5BAF300EB9CB2 /* Realm.framework */,
				887C2CAB20B350D10026A1BC /* SwinjectStoryboard.framework */,
				887C2CA920B350C10026A1BC /* Swinject.framework */,
				887C2C8C20B01B5A0026A1BC /* RxSwift.framework */,
				887C2C8A20B01B4B0026A1BC /* RxMoya.framework */,
				88AB3A0220B00B850061DCF0 /* Moya.framework */,
				88AB3A0020B00B670061DCF0 /* Result.framework */,
				88AB39FE20B00B540061DCF0 /* Alamofire.framework */,
				88BEC10320850C2900F84D89 /* WebKit.framework */,
			);
			name = Frameworks;
			sourceTree = "<group>";
		};
/* End PBXGroup section */

/* Begin PBXNativeTarget section */
		88BEC0BC20839CF300F84D89 /* Camotes */ = {
			isa = PBXNativeTarget;
			buildConfigurationList = 88BEC0E520839CF500F84D89 /* Build configuration list for PBXNativeTarget "Camotes" */;
			buildPhases = (
				88BEC0B920839CF300F84D89 /* Sources */,
				88BEC0BA20839CF300F84D89 /* Frameworks */,
				88BEC0BB20839CF300F84D89 /* Resources */,
				88AB3A0420B00BEA0061DCF0 /* Run Script */,
			);
			buildRules = (
			);
			dependencies = (
			);
			name = Camotes;
			productName = Camotes;
			productReference = 88BEC0BD20839CF300F84D89 /* Camotes.app */;
			productType = "com.apple.product-type.application";
		};
		88BEC0D020839CF500F84D89 /* CamotesTests */ = {
			isa = PBXNativeTarget;
			buildConfigurationList = 88BEC0E820839CF500F84D89 /* Build configuration list for PBXNativeTarget "CamotesTests" */;
			buildPhases = (
				88BEC0CD20839CF500F84D89 /* Sources */,
				88BEC0CE20839CF500F84D89 /* Frameworks */,
				88BEC0CF20839CF500F84D89 /* Resources */,
			);
			buildRules = (
			);
			dependencies = (
				88BEC0D320839CF500F84D89 /* PBXTargetDependency */,
			);
			name = CamotesTests;
			productName = CamotesTests;
			productReference = 88BEC0D120839CF500F84D89 /* CamotesTests.xctest */;
			productType = "com.apple.product-type.bundle.unit-test";
		};
		88BEC0DB20839CF500F84D89 /* CamotesUITests */ = {
			isa = PBXNativeTarget;
			buildConfigurationList = 88BEC0EB20839CF500F84D89 /* Build configuration list for PBXNativeTarget "CamotesUITests" */;
			buildPhases = (
				88BEC0D820839CF500F84D89 /* Sources */,
				88BEC0D920839CF500F84D89 /* Frameworks */,
				88BEC0DA20839CF500F84D89 /* Resources */,
			);
			buildRules = (
			);
			dependencies = (
				88BEC0DE20839CF500F84D89 /* PBXTargetDependency */,
			);
			name = CamotesUITests;
			productName = CamotesUITests;
			productReference = 88BEC0DC20839CF500F84D89 /* CamotesUITests.xctest */;
			productType = "com.apple.product-type.bundle.ui-testing";
		};
/* End PBXNativeTarget section */

/* Begin PBXProject section */
		88BEC0B520839CF300F84D89 /* Project object */ = {
			isa = PBXProject;
			attributes = {
				LastSwiftUpdateCheck = 0930;
				LastUpgradeCheck = 0930;
				ORGANIZATIONNAME = "Tatsuo Ikeda";
				TargetAttributes = {
					88BEC0BC20839CF300F84D89 = {
						CreatedOnToolsVersion = 9.3;
					};
					88BEC0D020839CF500F84D89 = {
						CreatedOnToolsVersion = 9.3;
						TestTargetID = 88BEC0BC20839CF300F84D89;
					};
					88BEC0DB20839CF500F84D89 = {
						CreatedOnToolsVersion = 9.3;
						TestTargetID = 88BEC0BC20839CF300F84D89;
					};
				};
			};
			buildConfigurationList = 88BEC0B820839CF300F84D89 /* Build configuration list for PBXProject "Camotes" */;
			compatibilityVersion = "Xcode 9.3";
			developmentRegion = en;
			hasScannedForEncodings = 0;
			knownRegions = (
				en,
				Base,
			);
			mainGroup = 88BEC0B420839CF300F84D89;
			productRefGroup = 88BEC0BE20839CF300F84D89 /* Products */;
			projectDirPath = "";
			projectRoot = "";
			targets = (
				88BEC0BC20839CF300F84D89 /* Camotes */,
				88BEC0D020839CF500F84D89 /* CamotesTests */,
				88BEC0DB20839CF500F84D89 /* CamotesUITests */,
			);
		};
/* End PBXProject section */

/* Begin PBXResourcesBuildPhase section */
		88BEC0BB20839CF300F84D89 /* Resources */ = {
			isa = PBXResourcesBuildPhase;
			buildActionMask = 2147483647;
			files = (
				88BEC0CB20839CF400F84D89 /* LaunchScreen.storyboard in Resources */,
				88BEC0FE2084F92200F84D89 /* Browser.storyboard in Resources */,
				88BEC0C820839CF400F84D89 /* Assets.xcassets in Resources */,
				887C2C9120B147A90026A1BC /* Filer.storyboard in Resources */,
				88BEC0C620839CF300F84D89 /* Main.storyboard in Resources */,
			);
			runOnlyForDeploymentPostprocessing = 0;
		};
		88BEC0CF20839CF500F84D89 /* Resources */ = {
			isa = PBXResourcesBuildPhase;
			buildActionMask = 2147483647;
			files = (
			);
			runOnlyForDeploymentPostprocessing = 0;
		};
		88BEC0DA20839CF500F84D89 /* Resources */ = {
			isa = PBXResourcesBuildPhase;
			buildActionMask = 2147483647;
			files = (
			);
			runOnlyForDeploymentPostprocessing = 0;
		};
/* End PBXResourcesBuildPhase section */

/* Begin PBXShellScriptBuildPhase section */
		88AB3A0420B00BEA0061DCF0 /* Run Script */ = {
			isa = PBXShellScriptBuildPhase;
			buildActionMask = 2147483647;
			files = (
			);
			inputPaths = (
				"$(SRCROOT)/Carthage/Build/iOS/Moya.framework",
				"$(SRCROOT)/Carthage/Build/iOS/Alamofire.framework",
				"$(SRCROOT)/Carthage/Build/iOS/Result.framework",
				"$(SRCROOT)/Carthage/Build/iOS/RxMoya.framework",
				"$(SRCROOT)/Carthage/Build/iOS/RxSwift.framework",
				"$(SRCROOT)/Carthage/Build/iOS/Swinject.framework",
				"$(SRCROOT)/Carthage/Build/iOS/SwinjectStoryboard.framework",
				"$(SRCROOT)/Carthage/Build/iOS/RealmSwift.framework",
				"$(SRCROOT)/Carthage/Build/iOS/Realm.framework",
			);
			name = "Run Script";
			outputPaths = (
			);
			runOnlyForDeploymentPostprocessing = 0;
			shellPath = /bin/sh;
			shellScript = "/usr/local/bin/carthage copy-frameworks\n";
		};
/* End PBXShellScriptBuildPhase section */

/* Begin PBXSourcesBuildPhase section */
		88BEC0B920839CF300F84D89 /* Sources */ = {
			isa = PBXSourcesBuildPhase;
			buildActionMask = 2147483647;
			files = (
				887C2CA420B3459A0026A1BC /* ScraperModel.swift in Sources */,
				88BEC0C120839CF300F84D89 /* AppDelegate.swift in Sources */,
				887C2C9520B14E6B0026A1BC /* FilerCollectionViewCell.swift in Sources */,
				887C2CA220B3450D0026A1BC /* ScraperRepo.swift in Sources */,
				884209C820B5BBE600EB9CB2 /* FilerStore.swift in Sources */,
				887C2C8920B01AB50026A1BC /* ScraperEntity.swift in Sources */,
				887C2CA620B345E40026A1BC /* Translator.swift in Sources */,
				887C2C9E20B344670026A1BC /* SwinjectStoryboard+Injector.swift in Sources */,
				887C2CA020B344950026A1BC /* Swinject+Injector.swift in Sources */,
				887C2C8720B019EB0026A1BC /* ScraperStore.swift in Sources */,
				887C2CA820B3464C0026A1BC /* ScraperModelTranslator.swift in Sources */,
				887C2C9320B147E70026A1BC /* FilerCollectionViewController.swift in Sources */,
				88AB39FD20B00A830061DCF0 /* ScraperAPI.swift in Sources */,
				887C2C9A20B342DE0026A1BC /* Routes+UIViewController.swift in Sources */,
				884209CA20B5C11800EB9CB2 /* FilerDB.swift in Sources */,
				887C2C9720B340D60026A1BC /* ScraperUseCase.swift in Sources */,
				887C2C9C20B343980026A1BC /* Routes.swift in Sources */,
				88BEC1012084FCC300F84D89 /* BrowserViewController.swift in Sources */,
				88BEC0FB2084F30F00F84D89 /* RootTabBarController.swift in Sources */,
			);
			runOnlyForDeploymentPostprocessing = 0;
		};
		88BEC0CD20839CF500F84D89 /* Sources */ = {
			isa = PBXSourcesBuildPhase;
			buildActionMask = 2147483647;
			files = (
				88BEC0D620839CF500F84D89 /* CamotesTests.swift in Sources */,
			);
			runOnlyForDeploymentPostprocessing = 0;
		};
		88BEC0D820839CF500F84D89 /* Sources */ = {
			isa = PBXSourcesBuildPhase;
			buildActionMask = 2147483647;
			files = (
				88BEC0E120839CF500F84D89 /* CamotesUITests.swift in Sources */,
			);
			runOnlyForDeploymentPostprocessing = 0;
		};
/* End PBXSourcesBuildPhase section */

/* Begin PBXTargetDependency section */
		88BEC0D320839CF500F84D89 /* PBXTargetDependency */ = {
			isa = PBXTargetDependency;
			target = 88BEC0BC20839CF300F84D89 /* Camotes */;
			targetProxy = 88BEC0D220839CF500F84D89 /* PBXContainerItemProxy */;
		};
		88BEC0DE20839CF500F84D89 /* PBXTargetDependency */ = {
			isa = PBXTargetDependency;
			target = 88BEC0BC20839CF300F84D89 /* Camotes */;
			targetProxy = 88BEC0DD20839CF500F84D89 /* PBXContainerItemProxy */;
		};
/* End PBXTargetDependency section */

/* Begin PBXVariantGroup section */
		887C2C8F20B147A90026A1BC /* Filer.storyboard */ = {
			isa = PBXVariantGroup;
			children = (
				887C2C9020B147A90026A1BC /* Base */,
			);
			name = Filer.storyboard;
			sourceTree = "<group>";
		};
		88BEC0C420839CF300F84D89 /* Main.storyboard */ = {
			isa = PBXVariantGroup;
			children = (
				88BEC0C520839CF300F84D89 /* Base */,
			);
			name = Main.storyboard;
			sourceTree = "<group>";
		};
		88BEC0C920839CF400F84D89 /* LaunchScreen.storyboard */ = {
			isa = PBXVariantGroup;
			children = (
				88BEC0CA20839CF400F84D89 /* Base */,
			);
			name = LaunchScreen.storyboard;
			sourceTree = "<group>";
		};
		88BEC0FC2084F92200F84D89 /* Browser.storyboard */ = {
			isa = PBXVariantGroup;
			children = (
				88BEC0FD2084F92200F84D89 /* Base */,
			);
			name = Browser.storyboard;
			sourceTree = "<group>";
		};
/* End PBXVariantGroup section */

/* Begin XCBuildConfiguration section */
		88BEC0E320839CF500F84D89 /* Debug */ = {
			isa = XCBuildConfiguration;
			buildSettings = {
				ALWAYS_SEARCH_USER_PATHS = NO;
				CLANG_ANALYZER_NONNULL = YES;
				CLANG_ANALYZER_NUMBER_OBJECT_CONVERSION = YES_AGGRESSIVE;
				CLANG_CXX_LANGUAGE_STANDARD = "gnu++14";
				CLANG_CXX_LIBRARY = "libc++";
				CLANG_ENABLE_MODULES = YES;
				CLANG_ENABLE_OBJC_ARC = YES;
				CLANG_ENABLE_OBJC_WEAK = YES;
				CLANG_WARN_BLOCK_CAPTURE_AUTORELEASING = YES;
				CLANG_WARN_BOOL_CONVERSION = YES;
				CLANG_WARN_COMMA = YES;
				CLANG_WARN_CONSTANT_CONVERSION = YES;
				CLANG_WARN_DEPRECATED_OBJC_IMPLEMENTATIONS = YES;
				CLANG_WARN_DIRECT_OBJC_ISA_USAGE = YES_ERROR;
				CLANG_WARN_DOCUMENTATION_COMMENTS = YES;
				CLANG_WARN_EMPTY_BODY = YES;
				CLANG_WARN_ENUM_CONVERSION = YES;
				CLANG_WARN_INFINITE_RECURSION = YES;
				CLANG_WARN_INT_CONVERSION = YES;
				CLANG_WARN_NON_LITERAL_NULL_CONVERSION = YES;
				CLANG_WARN_OBJC_IMPLICIT_RETAIN_SELF = YES;
				CLANG_WARN_OBJC_LITERAL_CONVERSION = YES;
				CLANG_WARN_OBJC_ROOT_CLASS = YES_ERROR;
				CLANG_WARN_RANGE_LOOP_ANALYSIS = YES;
				CLANG_WARN_STRICT_PROTOTYPES = YES;
				CLANG_WARN_SUSPICIOUS_MOVE = YES;
				CLANG_WARN_UNGUARDED_AVAILABILITY = YES_AGGRESSIVE;
				CLANG_WARN_UNREACHABLE_CODE = YES;
				CLANG_WARN__DUPLICATE_METHOD_MATCH = YES;
				CODE_SIGN_IDENTITY = "iPhone Developer";
				COPY_PHASE_STRIP = NO;
				DEBUG_INFORMATION_FORMAT = dwarf;
				ENABLE_STRICT_OBJC_MSGSEND = YES;
				ENABLE_TESTABILITY = YES;
				GCC_C_LANGUAGE_STANDARD = gnu11;
				GCC_DYNAMIC_NO_PIC = NO;
				GCC_NO_COMMON_BLOCKS = YES;
				GCC_OPTIMIZATION_LEVEL = 0;
				GCC_PREPROCESSOR_DEFINITIONS = (
					"DEBUG=1",
					"$(inherited)",
				);
				GCC_WARN_64_TO_32_BIT_CONVERSION = YES;
				GCC_WARN_ABOUT_RETURN_TYPE = YES_ERROR;
				GCC_WARN_UNDECLARED_SELECTOR = YES;
				GCC_WARN_UNINITIALIZED_AUTOS = YES_AGGRESSIVE;
				GCC_WARN_UNUSED_FUNCTION = YES;
				GCC_WARN_UNUSED_VARIABLE = YES;
				IPHONEOS_DEPLOYMENT_TARGET = 11.3;
				MTL_ENABLE_DEBUG_INFO = YES;
				ONLY_ACTIVE_ARCH = YES;
				SDKROOT = iphoneos;
				SWIFT_ACTIVE_COMPILATION_CONDITIONS = DEBUG;
				SWIFT_OPTIMIZATION_LEVEL = "-Onone";
			};
			name = Debug;
		};
		88BEC0E420839CF500F84D89 /* Release */ = {
			isa = XCBuildConfiguration;
			buildSettings = {
				ALWAYS_SEARCH_USER_PATHS = NO;
				CLANG_ANALYZER_NONNULL = YES;
				CLANG_ANALYZER_NUMBER_OBJECT_CONVERSION = YES_AGGRESSIVE;
				CLANG_CXX_LANGUAGE_STANDARD = "gnu++14";
				CLANG_CXX_LIBRARY = "libc++";
				CLANG_ENABLE_MODULES = YES;
				CLANG_ENABLE_OBJC_ARC = YES;
				CLANG_ENABLE_OBJC_WEAK = YES;
				CLANG_WARN_BLOCK_CAPTURE_AUTORELEASING = YES;
				CLANG_WARN_BOOL_CONVERSION = YES;
				CLANG_WARN_COMMA = YES;
				CLANG_WARN_CONSTANT_CONVERSION = YES;
				CLANG_WARN_DEPRECATED_OBJC_IMPLEMENTATIONS = YES;
				CLANG_WARN_DIRECT_OBJC_ISA_USAGE = YES_ERROR;
				CLANG_WARN_DOCUMENTATION_COMMENTS = YES;
				CLANG_WARN_EMPTY_BODY = YES;
				CLANG_WARN_ENUM_CONVERSION = YES;
				CLANG_WARN_INFINITE_RECURSION = YES;
				CLANG_WARN_INT_CONVERSION = YES;
				CLANG_WARN_NON_LITERAL_NULL_CONVERSION = YES;
				CLANG_WARN_OBJC_IMPLICIT_RETAIN_SELF = YES;
				CLANG_WARN_OBJC_LITERAL_CONVERSION = YES;
				CLANG_WARN_OBJC_ROOT_CLASS = YES_ERROR;
				CLANG_WARN_RANGE_LOOP_ANALYSIS = YES;
				CLANG_WARN_STRICT_PROTOTYPES = YES;
				CLANG_WARN_SUSPICIOUS_MOVE = YES;
				CLANG_WARN_UNGUARDED_AVAILABILITY = YES_AGGRESSIVE;
				CLANG_WARN_UNREACHABLE_CODE = YES;
				CLANG_WARN__DUPLICATE_METHOD_MATCH = YES;
				CODE_SIGN_IDENTITY = "iPhone Developer";
				COPY_PHASE_STRIP = NO;
				DEBUG_INFORMATION_FORMAT = "dwarf-with-dsym";
				ENABLE_NS_ASSERTIONS = NO;
				ENABLE_STRICT_OBJC_MSGSEND = YES;
				GCC_C_LANGUAGE_STANDARD = gnu11;
				GCC_NO_COMMON_BLOCKS = YES;
				GCC_WARN_64_TO_32_BIT_CONVERSION = YES;
				GCC_WARN_ABOUT_RETURN_TYPE = YES_ERROR;
				GCC_WARN_UNDECLARED_SELECTOR = YES;
				GCC_WARN_UNINITIALIZED_AUTOS = YES_AGGRESSIVE;
				GCC_WARN_UNUSED_FUNCTION = YES;
				GCC_WARN_UNUSED_VARIABLE = YES;
				IPHONEOS_DEPLOYMENT_TARGET = 11.3;
				MTL_ENABLE_DEBUG_INFO = NO;
				SDKROOT = iphoneos;
				SWIFT_COMPILATION_MODE = wholemodule;
				SWIFT_OPTIMIZATION_LEVEL = "-O";
				VALIDATE_PRODUCT = YES;
			};
			name = Release;
		};
		88BEC0E620839CF500F84D89 /* Debug */ = {
			isa = XCBuildConfiguration;
			buildSettings = {
				ASSETCATALOG_COMPILER_APPICON_NAME = AppIcon;
				CODE_SIGN_STYLE = Automatic;
				DEVELOPMENT_TEAM = B9QFL4ZF2R;
				FRAMEWORK_SEARCH_PATHS = (
					"$(inherited)",
					"$(PROJECT_DIR)/Carthage/Build/iOS",
				);
				INFOPLIST_FILE = Camotes/Info.plist;
				LD_RUNPATH_SEARCH_PATHS = (
					"$(inherited)",
					"@executable_path/Frameworks",
				);
				PRODUCT_BUNDLE_IDENTIFIER = it.ikeikeikeike.Camotes;
				PRODUCT_NAME = "$(TARGET_NAME)";
				SWIFT_VERSION = 4.0;
				TARGETED_DEVICE_FAMILY = "1,2";
			};
			name = Debug;
		};
		88BEC0E720839CF500F84D89 /* Release */ = {
			isa = XCBuildConfiguration;
			buildSettings = {
				ASSETCATALOG_COMPILER_APPICON_NAME = AppIcon;
				CODE_SIGN_STYLE = Automatic;
				DEVELOPMENT_TEAM = B9QFL4ZF2R;
				FRAMEWORK_SEARCH_PATHS = (
					"$(inherited)",
					"$(PROJECT_DIR)/Carthage/Build/iOS",
				);
				INFOPLIST_FILE = Camotes/Info.plist;
				LD_RUNPATH_SEARCH_PATHS = (
					"$(inherited)",
					"@executable_path/Frameworks",
				);
				PRODUCT_BUNDLE_IDENTIFIER = it.ikeikeikeike.Camotes;
				PRODUCT_NAME = "$(TARGET_NAME)";
				SWIFT_VERSION = 4.0;
				TARGETED_DEVICE_FAMILY = "1,2";
			};
			name = Release;
		};
		88BEC0E920839CF500F84D89 /* Debug */ = {
			isa = XCBuildConfiguration;
			buildSettings = {
				ALWAYS_EMBED_SWIFT_STANDARD_LIBRARIES = YES;
				BUNDLE_LOADER = "$(TEST_HOST)";
				CODE_SIGN_STYLE = Automatic;
				DEVELOPMENT_TEAM = B9QFL4ZF2R;
				INFOPLIST_FILE = CamotesTests/Info.plist;
				LD_RUNPATH_SEARCH_PATHS = (
					"$(inherited)",
					"@executable_path/Frameworks",
					"@loader_path/Frameworks",
				);
				PRODUCT_BUNDLE_IDENTIFIER = it.ikeikeikeike.CamotesTests;
				PRODUCT_NAME = "$(TARGET_NAME)";
				SWIFT_VERSION = 4.0;
				TARGETED_DEVICE_FAMILY = "1,2";
				TEST_HOST = "$(BUILT_PRODUCTS_DIR)/Camotes.app/Camotes";
			};
			name = Debug;
		};
		88BEC0EA20839CF500F84D89 /* Release */ = {
			isa = XCBuildConfiguration;
			buildSettings = {
				ALWAYS_EMBED_SWIFT_STANDARD_LIBRARIES = YES;
				BUNDLE_LOADER = "$(TEST_HOST)";
				CODE_SIGN_STYLE = Automatic;
				DEVELOPMENT_TEAM = B9QFL4ZF2R;
				INFOPLIST_FILE = CamotesTests/Info.plist;
				LD_RUNPATH_SEARCH_PATHS = (
					"$(inherited)",
					"@executable_path/Frameworks",
					"@loader_path/Frameworks",
				);
				PRODUCT_BUNDLE_IDENTIFIER = it.ikeikeikeike.CamotesTests;
				PRODUCT_NAME = "$(TARGET_NAME)";
				SWIFT_VERSION = 4.0;
				TARGETED_DEVICE_FAMILY = "1,2";
				TEST_HOST = "$(BUILT_PRODUCTS_DIR)/Camotes.app/Camotes";
			};
			name = Release;
		};
		88BEC0EC20839CF500F84D89 /* Debug */ = {
			isa = XCBuildConfiguration;
			buildSettings = {
				ALWAYS_EMBED_SWIFT_STANDARD_LIBRARIES = YES;
				CODE_SIGN_STYLE = Automatic;
				DEVELOPMENT_TEAM = B9QFL4ZF2R;
				INFOPLIST_FILE = CamotesUITests/Info.plist;
				LD_RUNPATH_SEARCH_PATHS = (
					"$(inherited)",
					"@executable_path/Frameworks",
					"@loader_path/Frameworks",
				);
				PRODUCT_BUNDLE_IDENTIFIER = it.ikeikeikeike.CamotesUITests;
				PRODUCT_NAME = "$(TARGET_NAME)";
				SWIFT_VERSION = 4.0;
				TARGETED_DEVICE_FAMILY = "1,2";
				TEST_TARGET_NAME = Camotes;
			};
			name = Debug;
		};
		88BEC0ED20839CF500F84D89 /* Release */ = {
			isa = XCBuildConfiguration;
			buildSettings = {
				ALWAYS_EMBED_SWIFT_STANDARD_LIBRARIES = YES;
				CODE_SIGN_STYLE = Automatic;
				DEVELOPMENT_TEAM = B9QFL4ZF2R;
				INFOPLIST_FILE = CamotesUITests/Info.plist;
				LD_RUNPATH_SEARCH_PATHS = (
					"$(inherited)",
					"@executable_path/Frameworks",
					"@loader_path/Frameworks",
				);
				PRODUCT_BUNDLE_IDENTIFIER = it.ikeikeikeike.CamotesUITests;
				PRODUCT_NAME = "$(TARGET_NAME)";
				SWIFT_VERSION = 4.0;
				TARGETED_DEVICE_FAMILY = "1,2";
				TEST_TARGET_NAME = Camotes;
			};
			name = Release;
		};
/* End XCBuildConfiguration section */

/* Begin XCConfigurationList section */
		88BEC0B820839CF300F84D89 /* Build configuration list for PBXProject "Camotes" */ = {
			isa = XCConfigurationList;
			buildConfigurations = (
				88BEC0E320839CF500F84D89 /* Debug */,
				88BEC0E420839CF500F84D89 /* Release */,
			);
			defaultConfigurationIsVisible = 0;
			defaultConfigurationName = Release;
		};
		88BEC0E520839CF500F84D89 /* Build configuration list for PBXNativeTarget "Camotes" */ = {
			isa = XCConfigurationList;
			buildConfigurations = (
				88BEC0E620839CF500F84D89 /* Debug */,
				88BEC0E720839CF500F84D89 /* Release */,
			);
			defaultConfigurationIsVisible = 0;
			defaultConfigurationName = Release;
		};
		88BEC0E820839CF500F84D89 /* Build configuration list for PBXNativeTarget "CamotesTests" */ = {
			isa = XCConfigurationList;
			buildConfigurations = (
				88BEC0E920839CF500F84D89 /* Debug */,
				88BEC0EA20839CF500F84D89 /* Release */,
			);
			defaultConfigurationIsVisible = 0;
			defaultConfigurationName = Release;
		};
		88BEC0EB20839CF500F84D89 /* Build configuration list for PBXNativeTarget "CamotesUITests" */ = {
			isa = XCConfigurationList;
			buildConfigurations = (
				88BEC0EC20839CF500F84D89 /* Debug */,
				88BEC0ED20839CF500F84D89 /* Release */,
			);
			defaultConfigurationIsVisible = 0;
			defaultConfigurationName = Release;
		};
/* End XCConfigurationList section */
	};
	rootObject = 88BEC0B520839CF300F84D89 /* Project object */;
}
