// !$*UTF8*$!
{
	archiveVersion = 1;
	classes = {
	};
	objectVersion = 50;
	objects = {

/* Begin PBXBuildFile section */
		88BEC0C120839CF300F84D89 /* AppDelegate.swift in Sources */ = {isa = PBXBuildFile; fileRef = 88BEC0C020839CF300F84D89 /* AppDelegate.swift */; };
		88BEC0C620839CF300F84D89 /* Main.storyboard in Resources */ = {isa = PBXBuildFile; fileRef = 88BEC0C420839CF300F84D89 /* Main.storyboard */; };
		88BEC0C820839CF400F84D89 /* Assets.xcassets in Resources */ = {isa = PBXBuildFile; fileRef = 88BEC0C720839CF400F84D89 /* Assets.xcassets */; };
		88BEC0CB20839CF400F84D89 /* LaunchScreen.storyboard in Resources */ = {isa = PBXBuildFile; fileRef = 88BEC0C920839CF400F84D89 /* LaunchScreen.storyboard */; };
		88BEC0D620839CF500F84D89 /* CamotesTests.swift in Sources */ = {isa = PBXBuildFile; fileRef = 88BEC0D520839CF500F84D89 /* CamotesTests.swift */; };
		88BEC0E120839CF500F84D89 /* CamotesUITests.swift in Sources */ = {isa = PBXBuildFile; fileRef = 88BEC0E020839CF500F84D89 /* CamotesUITests.swift */; };
		88BEC0FB2084F30F00F84D89 /* RootTabBarController.swift in Sources */ = {isa = PBXBuildFile; fileRef = 88BEC0FA2084F30F00F84D89 /* RootTabBarController.swift */; };
		88BEC0FE2084F92200F84D89 /* Browser.storyboard in Resources */ = {isa = PBXBuildFile; fileRef = 88BEC0FC2084F92200F84D89 /* Browser.storyboard */; };
		88BEC1012084FCC300F84D89 /* BrowserViewController.swift in Sources */ = {isa = PBXBuildFile; fileRef = 88BEC1002084FCC300F84D89 /* BrowserViewController.swift */; };
		88BEC10420850C2900F84D89 /* WebKit.framework in Frameworks */ = {isa = PBXBuildFile; fileRef = 88BEC10320850C2900F84D89 /* WebKit.framework */; };
/* End PBXBuildFile section */

/* Begin PBXContainerItemProxy section */
		88BEC0D220839CF500F84D89 /* PBXContainerItemProxy */ = {
			isa = PBXContainerItemProxy;
			containerPortal = 88BEC0B520839CF300F84D89 /* Project object */;
			proxyType = 1;
			remoteGlobalIDString = 88BEC0BC20839CF300F84D89;
			remoteInfo = Camotes;
		};
		88BEC0DD20839CF500F84D89 /* PBXContainerItemProxy */ = {
			isa = PBXContainerItemProxy;
			containerPortal = 88BEC0B520839CF300F84D89 /* Project object */;
			proxyType = 1;
			remoteGlobalIDString = 88BEC0BC20839CF300F84D89;
			remoteInfo = Camotes;
		};
/* End PBXContainerItemProxy section */

/* Begin PBXFileReference section */
		88BEC0BD20839CF300F84D89 /* Camotes.app */ = {isa = PBXFileReference; explicitFileType = wrapper.application; includeInIndex = 0; path = Camotes.app; sourceTree = BUILT_PRODUCTS_DIR; };
		88BEC0C020839CF300F84D89 /* AppDelegate.swift */ = {isa = PBXFileReference; lastKnownFileType = sourcecode.swift; path = AppDelegate.swift; sourceTree = "<group>"; };
		88BEC0C520839CF300F84D89 /* Base */ = {isa = PBXFileReference; lastKnownFileType = file.storyboard; name = Base; path = Base.lproj/Main.storyboard; sourceTree = "<group>"; };
		88BEC0C720839CF400F84D89 /* Assets.xcassets */ = {isa = PBXFileReference; lastKnownFileType = folder.assetcatalog; path = Assets.xcassets; sourceTree = "<group>"; };
		88BEC0CA20839CF400F84D89 /* Base */ = {isa = PBXFileReference; lastKnownFileType = file.storyboard; name = Base; path = Base.lproj/LaunchScreen.storyboard; sourceTree = "<group>"; };
		88BEC0CC20839CF400F84D89 /* Info.plist */ = {isa = PBXFileReference; lastKnownFileType = text.plist.xml; path = Info.plist; sourceTree = "<group>"; };
		88BEC0D120839CF500F84D89 /* CamotesTests.xctest */ = {isa = PBXFileReference; explicitFileType = wrapper.cfbundle; includeInIndex = 0; path = CamotesTests.xctest; sourceTree = BUILT_PRODUCTS_DIR; };
		88BEC0D520839CF500F84D89 /* CamotesTests.swift */ = {isa = PBXFileReference; lastKnownFileType = sourcecode.swift; path = CamotesTests.swift; sourceTree = "<group>"; };
		88BEC0D720839CF500F84D89 /* Info.plist */ = {isa = PBXFileReference; lastKnownFileType = text.plist.xml; path = Info.plist; sourceTree = "<group>"; };
		88BEC0DC20839CF500F84D89 /* CamotesUITests.xctest */ = {isa = PBXFileReference; explicitFileType = wrapper.cfbundle; includeInIndex = 0; path = CamotesUITests.xctest; sourceTree = BUILT_PRODUCTS_DIR; };
		88BEC0E020839CF500F84D89 /* CamotesUITests.swift */ = {isa = PBXFileReference; lastKnownFileType = sourcecode.swift; path = CamotesUITests.swift; sourceTree = "<group>"; };
		88BEC0E220839CF500F84D89 /* Info.plist */ = {isa = PBXFileReference; lastKnownFileType = text.plist.xml; path = Info.plist; sourceTree = "<group>"; };
		88BEC0FA2084F30F00F84D89 /* RootTabBarController.swift */ = {isa = PBXFileReference; lastKnownFileType = sourcecode.swift; path = RootTabBarController.swift; sourceTree = "<group>"; };
		88BEC0FD2084F92200F84D89 /* Base */ = {isa = PBXFileReference; lastKnownFileType = file.storyboard; name = Base; path = Camotes/Base.lproj/Browser.storyboard; sourceTree = "<group>"; };
		88BEC1002084FCC300F84D89 /* BrowserViewController.swift */ = {isa = PBXFileReference; lastKnownFileType = sourcecode.swift; path = BrowserViewController.swift; sourceTree = "<group>"; };
		88BEC10320850C2900F84D89 /* WebKit.framework */ = {isa = PBXFileReference; lastKnownFileType = wrapper.framework; name = WebKit.framework; path = System/Library/Frameworks/WebKit.framework; sourceTree = SDKROOT; };
/* End PBXFileReference section */

/* Begin PBXFrameworksBuildPhase section */
		88BEC0BA20839CF300F84D89 /* Frameworks */ = {
			isa = PBXFrameworksBuildPhase;
			buildActionMask = 2147483647;
			files = (
				88BEC10420850C2900F84D89 /* WebKit.framework in Frameworks */,
			);
			runOnlyForDeploymentPostprocessing = 0;
		};
		88BEC0CE20839CF500F84D89 /* Frameworks */ = {
			isa = PBXFrameworksBuildPhase;
			buildActionMask = 2147483647;
			files = (
			);
			runOnlyForDeploymentPostprocessing = 0;
		};
		88BEC0D920839CF500F84D89 /* Frameworks */ = {
			isa = PBXFrameworksBuildPhase;
			buildActionMask = 2147483647;
			files = (
			);
			runOnlyForDeploymentPostprocessing = 0;
		};
/* End PBXFrameworksBuildPhase section */

/* Begin PBXGroup section */
		882BFEF02087A4C300DB67F1 /* Storyboard */ = {
			isa = PBXGroup;
			children = (
				88BEC0C920839CF400F84D89 /* LaunchScreen.storyboard */,
				88BEC0FC2084F92200F84D89 /* Browser.storyboard */,
				88BEC0C420839CF300F84D89 /* Main.storyboard */,
			);
			path = Storyboard;
			sourceTree = "<group>";
		};
		88BEC0B420839CF300F84D89 = {
			isa = PBXGroup;
			children = (
				88BEC0BF20839CF300F84D89 /* Camotes */,
				88BEC0D420839CF500F84D89 /* CamotesTests */,
				88BEC0DF20839CF500F84D89 /* CamotesUITests */,
				88BEC0BE20839CF300F84D89 /* Products */,
				88BEC10220850C2800F84D89 /* Frameworks */,
			);
			sourceTree = "<group>";
		};
		88BEC0BE20839CF300F84D89 /* Products */ = {
			isa = PBXGroup;
			children = (
				88BEC0BD20839CF300F84D89 /* Camotes.app */,
				88BEC0D120839CF500F84D89 /* CamotesTests.xctest */,
				88BEC0DC20839CF500F84D89 /* CamotesUITests.xctest */,
			);
			name = Products;
			sourceTree = "<group>";
		};
		88BEC0BF20839CF300F84D89 /* Camotes */ = {
			isa = PBXGroup;
			children = (
				88BEC0EF2084F12500F84D89 /* Data */,
				88BEC0F02084F12F00F84D89 /* Domain */,
				88BEC0EE2084F11F00F84D89 /* UI */,
				88BEC0C020839CF300F84D89 /* AppDelegate.swift */,
				88BEC0C720839CF400F84D89 /* Assets.xcassets */,
				88BEC0CC20839CF400F84D89 /* Info.plist */,
			);
			path = Camotes;
			sourceTree = "<group>";
		};
		88BEC0D420839CF500F84D89 /* CamotesTests */ = {
			isa = PBXGroup;
			children = (
				88BEC0D520839CF500F84D89 /* CamotesTests.swift */,
				88BEC0D720839CF500F84D89 /* Info.plist */,
			);
			path = CamotesTests;
			sourceTree = "<group>";
		};
		88BEC0DF20839CF500F84D89 /* CamotesUITests */ = {
			isa = PBXGroup;
			children = (
				88BEC0E020839CF500F84D89 /* CamotesUITests.swift */,
				88BEC0E220839CF500F84D89 /* Info.plist */,
			);
			path = CamotesUITests;
			sourceTree = "<group>";
		};
		88BEC0EE2084F11F00F84D89 /* UI */ = {
			isa = PBXGroup;
			children = (
				882BFEF02087A4C300DB67F1 /* Storyboard */,
				88BEC0F22084F17000F84D89 /* Presenter */,
				88BEC0F12084F16A00F84D89 /* View */,
			);
			path = UI;
			sourceTree = "<group>";
		};
		88BEC0EF2084F12500F84D89 /* Data */ = {
			isa = PBXGroup;
			children = (
				88BEC0F62084F1E300F84D89 /* Entity */,
				88BEC0F72084F1EB00F84D89 /* Repo */,
				88BEC0F82084F1EF00F84D89 /* DataStore */,
			);
			path = Data;
			sourceTree = "<group>";
		};
		88BEC0F02084F12F00F84D89 /* Domain */ = {
			isa = PBXGroup;
			children = (
				88BEC0F42084F1BC00F84D89 /* Model */,
				88BEC0F52084F1C300F84D89 /* Trans */,
				88BEC0F32084F1B700F84D89 /* UseCaes */,
			);
			path = Domain;
			sourceTree = "<group>";
		};
		88BEC0F12084F16A00F84D89 /* View */ = {
			isa = PBXGroup;
			children = (
				88BEC0FF2084F93700F84D89 /* Browser */,
				88BEC0F92084F2E200F84D89 /* Root */,
			);
			path = View;
			sourceTree = "<group>";
		};
		88BEC0F22084F17000F84D89 /* Presenter */ = {
			isa = PBXGroup;
			children = (
			);
			path = Presenter;
			sourceTree = "<group>";
		};
		88BEC0F32084F1B700F84D89 /* UseCaes */ = {
			isa = PBXGroup;
			children = (
			);
			path = UseCaes;
			sourceTree = "<group>";
		};
		88BEC0F42084F1BC00F84D89 /* Model */ = {
			isa = PBXGroup;
			children = (
			);
			path = Model;
			sourceTree = "<group>";
		};
		88BEC0F52084F1C300F84D89 /* Trans */ = {
			isa = PBXGroup;
			children = (
			);
			path = Trans;
			sourceTree = "<group>";
		};
		88BEC0F62084F1E300F84D89 /* Entity */ = {
			isa = PBXGroup;
			children = (
			);
			path = Entity;
			sourceTree = "<group>";
		};
		88BEC0F72084F1EB00F84D89 /* Repo */ = {
			isa = PBXGroup;
			children = (
			);
			path = Repo;
			sourceTree = "<group>";
		};
		88BEC0F82084F1EF00F84D89 /* DataStore */ = {
			isa = PBXGroup;
			children = (
			);
			path = DataStore;
			sourceTree = "<group>";
		};
		88BEC0F92084F2E200F84D89 /* Root */ = {
			isa = PBXGroup;
			children = (
				88BEC0FA2084F30F00F84D89 /* RootTabBarController.swift */,
			);
			path = Root;
			sourceTree = "<group>";
		};
		88BEC0FF2084F93700F84D89 /* Browser */ = {
			isa = PBXGroup;
			children = (
				88BEC1002084FCC300F84D89 /* BrowserViewController.swift */,
			);
			path = Browser;
			sourceTree = "<group>";
		};
		88BEC10220850C2800F84D89 /* Frameworks */ = {
			isa = PBXGroup;
			children = (
				88BEC10320850C2900F84D89 /* WebKit.framework */,
			);
			name = Frameworks;
			sourceTree = "<group>";
		};
/* End PBXGroup section */

/* Begin PBXNativeTarget section */
		88BEC0BC20839CF300F84D89 /* Camotes */ = {
			isa = PBXNativeTarget;
			buildConfigurationList = 88BEC0E520839CF500F84D89 /* Build configuration list for PBXNativeTarget "Camotes" */;
			buildPhases = (
				88BEC0B920839CF300F84D89 /* Sources */,
				88BEC0BA20839CF300F84D89 /* Frameworks */,
				88BEC0BB20839CF300F84D89 /* Resources */,
			);
			buildRules = (
			);
			dependencies = (
			);
			name = Camotes;
			productName = Camotes;
			productReference = 88BEC0BD20839CF300F84D89 /* Camotes.app */;
			productType = "com.apple.product-type.application";
		};
		88BEC0D020839CF500F84D89 /* CamotesTests */ = {
			isa = PBXNativeTarget;
			buildConfigurationList = 88BEC0E820839CF500F84D89 /* Build configuration list for PBXNativeTarget "CamotesTests" */;
			buildPhases = (
				88BEC0CD20839CF500F84D89 /* Sources */,
				88BEC0CE20839CF500F84D89 /* Frameworks */,
				88BEC0CF20839CF500F84D89 /* Resources */,
			);
			buildRules = (
			);
			dependencies = (
				88BEC0D320839CF500F84D89 /* PBXTargetDependency */,
			);
			name = CamotesTests;
			productName = CamotesTests;
			productReference = 88BEC0D120839CF500F84D89 /* CamotesTests.xctest */;
			productType = "com.apple.product-type.bundle.unit-test";
		};
		88BEC0DB20839CF500F84D89 /* CamotesUITests */ = {
			isa = PBXNativeTarget;
			buildConfigurationList = 88BEC0EB20839CF500F84D89 /* Build configuration list for PBXNativeTarget "CamotesUITests" */;
			buildPhases = (
				88BEC0D820839CF500F84D89 /* Sources */,
				88BEC0D920839CF500F84D89 /* Frameworks */,
				88BEC0DA20839CF500F84D89 /* Resources */,
			);
			buildRules = (
			);
			dependencies = (
				88BEC0DE20839CF500F84D89 /* PBXTargetDependency */,
			);
			name = CamotesUITests;
			productName = CamotesUITests;
			productReference = 88BEC0DC20839CF500F84D89 /* CamotesUITests.xctest */;
			productType = "com.apple.product-type.bundle.ui-testing";
		};
/* End PBXNativeTarget section */

/* Begin PBXProject section */
		88BEC0B520839CF300F84D89 /* Project object */ = {
			isa = PBXProject;
			attributes = {
				LastSwiftUpdateCheck = 0930;
				LastUpgradeCheck = 0930;
				ORGANIZATIONNAME = "Tatsuo Ikeda";
				TargetAttributes = {
					88BEC0BC20839CF300F84D89 = {
						CreatedOnToolsVersion = 9.3;
					};
					88BEC0D020839CF500F84D89 = {
						CreatedOnToolsVersion = 9.3;
						TestTargetID = 88BEC0BC20839CF300F84D89;
					};
					88BEC0DB20839CF500F84D89 = {
						CreatedOnToolsVersion = 9.3;
						TestTargetID = 88BEC0BC20839CF300F84D89;
					};
				};
			};
			buildConfigurationList = 88BEC0B820839CF300F84D89 /* Build configuration list for PBXProject "Camotes" */;
			compatibilityVersion = "Xcode 9.3";
			developmentRegion = en;
			hasScannedForEncodings = 0;
			knownRegions = (
				en,
				Base,
			);
			mainGroup = 88BEC0B420839CF300F84D89;
			productRefGroup = 88BEC0BE20839CF300F84D89 /* Products */;
			projectDirPath = "";
			projectRoot = "";
			targets = (
				88BEC0BC20839CF300F84D89 /* Camotes */,
				88BEC0D020839CF500F84D89 /* CamotesTests */,
				88BEC0DB20839CF500F84D89 /* CamotesUITests */,
			);
		};
/* End PBXProject section */

/* Begin PBXResourcesBuildPhase section */
		88BEC0BB20839CF300F84D89 /* Resources */ = {
			isa = PBXResourcesBuildPhase;
			buildActionMask = 2147483647;
			files = (
				88BEC0CB20839CF400F84D89 /* LaunchScreen.storyboard in Resources */,
				88BEC0FE2084F92200F84D89 /* Browser.storyboard in Resources */,
				88BEC0C820839CF400F84D89 /* Assets.xcassets in Resources */,
				88BEC0C620839CF300F84D89 /* Main.storyboard in Resources */,
			);
			runOnlyForDeploymentPostprocessing = 0;
		};
		88BEC0CF20839CF500F84D89 /* Resources */ = {
			isa = PBXResourcesBuildPhase;
			buildActionMask = 2147483647;
			files = (
			);
			runOnlyForDeploymentPostprocessing = 0;
		};
		88BEC0DA20839CF500F84D89 /* Resources */ = {
			isa = PBXResourcesBuildPhase;
			buildActionMask = 2147483647;
			files = (
			);
			runOnlyForDeploymentPostprocessing = 0;
		};
/* End PBXResourcesBuildPhase section */

/* Begin PBXSourcesBuildPhase section */
		88BEC0B920839CF300F84D89 /* Sources */ = {
			isa = PBXSourcesBuildPhase;
			buildActionMask = 2147483647;
			files = (
				88BEC0C120839CF300F84D89 /* AppDelegate.swift in Sources */,
				88BEC1012084FCC300F84D89 /* BrowserViewController.swift in Sources */,
				88BEC0FB2084F30F00F84D89 /* RootTabBarController.swift in Sources */,
			);
			runOnlyForDeploymentPostprocessing = 0;
		};
		88BEC0CD20839CF500F84D89 /* Sources */ = {
			isa = PBXSourcesBuildPhase;
			buildActionMask = 2147483647;
			files = (
				88BEC0D620839CF500F84D89 /* CamotesTests.swift in Sources */,
			);
			runOnlyForDeploymentPostprocessing = 0;
		};
		88BEC0D820839CF500F84D89 /* Sources */ = {
			isa = PBXSourcesBuildPhase;
			buildActionMask = 2147483647;
			files = (
				88BEC0E120839CF500F84D89 /* CamotesUITests.swift in Sources */,
			);
			runOnlyForDeploymentPostprocessing = 0;
		};
/* End PBXSourcesBuildPhase section */

/* Begin PBXTargetDependency section */
		88BEC0D320839CF500F84D89 /* PBXTargetDependency */ = {
			isa = PBXTargetDependency;
			target = 88BEC0BC20839CF300F84D89 /* Camotes */;
			targetProxy = 88BEC0D220839CF500F84D89 /* PBXContainerItemProxy */;
		};
		88BEC0DE20839CF500F84D89 /* PBXTargetDependency */ = {
			isa = PBXTargetDependency;
			target = 88BEC0BC20839CF300F84D89 /* Camotes */;
			targetProxy = 88BEC0DD20839CF500F84D89 /* PBXContainerItemProxy */;
		};
/* End PBXTargetDependency section */

/* Begin PBXVariantGroup section */
		88BEC0C420839CF300F84D89 /* Main.storyboard */ = {
			isa = PBXVariantGroup;
			children = (
				88BEC0C520839CF300F84D89 /* Base */,
			);
			name = Main.storyboard;
			sourceTree = "<group>";
		};
		88BEC0C920839CF400F84D89 /* LaunchScreen.storyboard */ = {
			isa = PBXVariantGroup;
			children = (
				88BEC0CA20839CF400F84D89 /* Base */,
			);
			name = LaunchScreen.storyboard;
			sourceTree = "<group>";
		};
		88BEC0FC2084F92200F84D89 /* Browser.storyboard */ = {
			isa = PBXVariantGroup;
			children = (
				88BEC0FD2084F92200F84D89 /* Base */,
			);
			name = Browser.storyboard;
			sourceTree = "<group>";
		};
/* End PBXVariantGroup section */

/* Begin XCBuildConfiguration section */
		88BEC0E320839CF500F84D89 /* Debug */ = {
			isa = XCBuildConfiguration;
			buildSettings = {
				ALWAYS_SEARCH_USER_PATHS = NO;
				CLANG_ANALYZER_NONNULL = YES;
				CLANG_ANALYZER_NUMBER_OBJECT_CONVERSION = YES_AGGRESSIVE;
				CLANG_CXX_LANGUAGE_STANDARD = "gnu++14";
				CLANG_CXX_LIBRARY = "libc++";
				CLANG_ENABLE_MODULES = YES;
				CLANG_ENABLE_OBJC_ARC = YES;
				CLANG_ENABLE_OBJC_WEAK = YES;
				CLANG_WARN_BLOCK_CAPTURE_AUTORELEASING = YES;
				CLANG_WARN_BOOL_CONVERSION = YES;
				CLANG_WARN_COMMA = YES;
				CLANG_WARN_CONSTANT_CONVERSION = YES;
				CLANG_WARN_DEPRECATED_OBJC_IMPLEMENTATIONS = YES;
				CLANG_WARN_DIRECT_OBJC_ISA_USAGE = YES_ERROR;
				CLANG_WARN_DOCUMENTATION_COMMENTS = YES;
				CLANG_WARN_EMPTY_BODY = YES;
				CLANG_WARN_ENUM_CONVERSION = YES;
				CLANG_WARN_INFINITE_RECURSION = YES;
				CLANG_WARN_INT_CONVERSION = YES;
				CLANG_WARN_NON_LITERAL_NULL_CONVERSION = YES;
				CLANG_WARN_OBJC_IMPLICIT_RETAIN_SELF = YES;
				CLANG_WARN_OBJC_LITERAL_CONVERSION = YES;
				CLANG_WARN_OBJC_ROOT_CLASS = YES_ERROR;
				CLANG_WARN_RANGE_LOOP_ANALYSIS = YES;
				CLANG_WARN_STRICT_PROTOTYPES = YES;
				CLANG_WARN_SUSPICIOUS_MOVE = YES;
				CLANG_WARN_UNGUARDED_AVAILABILITY = YES_AGGRESSIVE;
				CLANG_WARN_UNREACHABLE_CODE = YES;
				CLANG_WARN__DUPLICATE_METHOD_MATCH = YES;
				CODE_SIGN_IDENTITY = "iPhone Developer";
				COPY_PHASE_STRIP = NO;
				DEBUG_INFORMATION_FORMAT = dwarf;
				ENABLE_STRICT_OBJC_MSGSEND = YES;
				ENABLE_TESTABILITY = YES;
				GCC_C_LANGUAGE_STANDARD = gnu11;
				GCC_DYNAMIC_NO_PIC = NO;
				GCC_NO_COMMON_BLOCKS = YES;
				GCC_OPTIMIZATION_LEVEL = 0;
				GCC_PREPROCESSOR_DEFINITIONS = (
					"DEBUG=1",
					"$(inherited)",
				);
				GCC_WARN_64_TO_32_BIT_CONVERSION = YES;
				GCC_WARN_ABOUT_RETURN_TYPE = YES_ERROR;
				GCC_WARN_UNDECLARED_SELECTOR = YES;
				GCC_WARN_UNINITIALIZED_AUTOS = YES_AGGRESSIVE;
				GCC_WARN_UNUSED_FUNCTION = YES;
				GCC_WARN_UNUSED_VARIABLE = YES;
				IPHONEOS_DEPLOYMENT_TARGET = 11.3;
				MTL_ENABLE_DEBUG_INFO = YES;
				ONLY_ACTIVE_ARCH = YES;
				SDKROOT = iphoneos;
				SWIFT_ACTIVE_COMPILATION_CONDITIONS = DEBUG;
				SWIFT_OPTIMIZATION_LEVEL = "-Onone";
			};
			name = Debug;
		};
		88BEC0E420839CF500F84D89 /* Release */ = {
			isa = XCBuildConfiguration;
			buildSettings = {
				ALWAYS_SEARCH_USER_PATHS = NO;
				CLANG_ANALYZER_NONNULL = YES;
				CLANG_ANALYZER_NUMBER_OBJECT_CONVERSION = YES_AGGRESSIVE;
				CLANG_CXX_LANGUAGE_STANDARD = "gnu++14";
				CLANG_CXX_LIBRARY = "libc++";
				CLANG_ENABLE_MODULES = YES;
				CLANG_ENABLE_OBJC_ARC = YES;
				CLANG_ENABLE_OBJC_WEAK = YES;
				CLANG_WARN_BLOCK_CAPTURE_AUTORELEASING = YES;
				CLANG_WARN_BOOL_CONVERSION = YES;
				CLANG_WARN_COMMA = YES;
				CLANG_WARN_CONSTANT_CONVERSION = YES;
				CLANG_WARN_DEPRECATED_OBJC_IMPLEMENTATIONS = YES;
				CLANG_WARN_DIRECT_OBJC_ISA_USAGE = YES_ERROR;
				CLANG_WARN_DOCUMENTATION_COMMENTS = YES;
				CLANG_WARN_EMPTY_BODY = YES;
				CLANG_WARN_ENUM_CONVERSION = YES;
				CLANG_WARN_INFINITE_RECURSION = YES;
				CLANG_WARN_INT_CONVERSION = YES;
				CLANG_WARN_NON_LITERAL_NULL_CONVERSION = YES;
				CLANG_WARN_OBJC_IMPLICIT_RETAIN_SELF = YES;
				CLANG_WARN_OBJC_LITERAL_CONVERSION = YES;
				CLANG_WARN_OBJC_ROOT_CLASS = YES_ERROR;
				CLANG_WARN_RANGE_LOOP_ANALYSIS = YES;
				CLANG_WARN_STRICT_PROTOTYPES = YES;
				CLANG_WARN_SUSPICIOUS_MOVE = YES;
				CLANG_WARN_UNGUARDED_AVAILABILITY = YES_AGGRESSIVE;
				CLANG_WARN_UNREACHABLE_CODE = YES;
				CLANG_WARN__DUPLICATE_METHOD_MATCH = YES;
				CODE_SIGN_IDENTITY = "iPhone Developer";
				COPY_PHASE_STRIP = NO;
				DEBUG_INFORMATION_FORMAT = "dwarf-with-dsym";
				ENABLE_NS_ASSERTIONS = NO;
				ENABLE_STRICT_OBJC_MSGSEND = YES;
				GCC_C_LANGUAGE_STANDARD = gnu11;
				GCC_NO_COMMON_BLOCKS = YES;
				GCC_WARN_64_TO_32_BIT_CONVERSION = YES;
				GCC_WARN_ABOUT_RETURN_TYPE = YES_ERROR;
				GCC_WARN_UNDECLARED_SELECTOR = YES;
				GCC_WARN_UNINITIALIZED_AUTOS = YES_AGGRESSIVE;
				GCC_WARN_UNUSED_FUNCTION = YES;
				GCC_WARN_UNUSED_VARIABLE = YES;
				IPHONEOS_DEPLOYMENT_TARGET = 11.3;
				MTL_ENABLE_DEBUG_INFO = NO;
				SDKROOT = iphoneos;
				SWIFT_COMPILATION_MODE = wholemodule;
				SWIFT_OPTIMIZATION_LEVEL = "-O";
				VALIDATE_PRODUCT = YES;
			};
			name = Release;
		};
		88BEC0E620839CF500F84D89 /* Debug */ = {
			isa = XCBuildConfiguration;
			buildSettings = {
				ASSETCATALOG_COMPILER_APPICON_NAME = AppIcon;
				CODE_SIGN_STYLE = Automatic;
				DEVELOPMENT_TEAM = B9QFL4ZF2R;
				INFOPLIST_FILE = Camotes/Info.plist;
				LD_RUNPATH_SEARCH_PATHS = (
					"$(inherited)",
					"@executable_path/Frameworks",
				);
				PRODUCT_BUNDLE_IDENTIFIER = it.ikeikeikeike.Camotes;
				PRODUCT_NAME = "$(TARGET_NAME)";
				SWIFT_VERSION = 4.0;
				TARGETED_DEVICE_FAMILY = "1,2";
			};
			name = Debug;
		};
		88BEC0E720839CF500F84D89 /* Release */ = {
			isa = XCBuildConfiguration;
			buildSettings = {
				ASSETCATALOG_COMPILER_APPICON_NAME = AppIcon;
				CODE_SIGN_STYLE = Automatic;
				DEVELOPMENT_TEAM = B9QFL4ZF2R;
				INFOPLIST_FILE = Camotes/Info.plist;
				LD_RUNPATH_SEARCH_PATHS = (
					"$(inherited)",
					"@executable_path/Frameworks",
				);
				PRODUCT_BUNDLE_IDENTIFIER = it.ikeikeikeike.Camotes;
				PRODUCT_NAME = "$(TARGET_NAME)";
				SWIFT_VERSION = 4.0;
				TARGETED_DEVICE_FAMILY = "1,2";
			};
			name = Release;
		};
		88BEC0E920839CF500F84D89 /* Debug */ = {
			isa = XCBuildConfiguration;
			buildSettings = {
				ALWAYS_EMBED_SWIFT_STANDARD_LIBRARIES = YES;
				BUNDLE_LOADER = "$(TEST_HOST)";
				CODE_SIGN_STYLE = Automatic;
				DEVELOPMENT_TEAM = B9QFL4ZF2R;
				INFOPLIST_FILE = CamotesTests/Info.plist;
				LD_RUNPATH_SEARCH_PATHS = (
					"$(inherited)",
					"@executable_path/Frameworks",
					"@loader_path/Frameworks",
				);
				PRODUCT_BUNDLE_IDENTIFIER = it.ikeikeikeike.CamotesTests;
				PRODUCT_NAME = "$(TARGET_NAME)";
				SWIFT_VERSION = 4.0;
				TARGETED_DEVICE_FAMILY = "1,2";
				TEST_HOST = "$(BUILT_PRODUCTS_DIR)/Camotes.app/Camotes";
			};
			name = Debug;
		};
		88BEC0EA20839CF500F84D89 /* Release */ = {
			isa = XCBuildConfiguration;
			buildSettings = {
				ALWAYS_EMBED_SWIFT_STANDARD_LIBRARIES = YES;
				BUNDLE_LOADER = "$(TEST_HOST)";
				CODE_SIGN_STYLE = Automatic;
				DEVELOPMENT_TEAM = B9QFL4ZF2R;
				INFOPLIST_FILE = CamotesTests/Info.plist;
				LD_RUNPATH_SEARCH_PATHS = (
					"$(inherited)",
					"@executable_path/Frameworks",
					"@loader_path/Frameworks",
				);
				PRODUCT_BUNDLE_IDENTIFIER = it.ikeikeikeike.CamotesTests;
				PRODUCT_NAME = "$(TARGET_NAME)";
				SWIFT_VERSION = 4.0;
				TARGETED_DEVICE_FAMILY = "1,2";
				TEST_HOST = "$(BUILT_PRODUCTS_DIR)/Camotes.app/Camotes";
			};
			name = Release;
		};
		88BEC0EC20839CF500F84D89 /* Debug */ = {
			isa = XCBuildConfiguration;
			buildSettings = {
				ALWAYS_EMBED_SWIFT_STANDARD_LIBRARIES = YES;
				CODE_SIGN_STYLE = Automatic;
				DEVELOPMENT_TEAM = B9QFL4ZF2R;
				INFOPLIST_FILE = CamotesUITests/Info.plist;
				LD_RUNPATH_SEARCH_PATHS = (
					"$(inherited)",
					"@executable_path/Frameworks",
					"@loader_path/Frameworks",
				);
				PRODUCT_BUNDLE_IDENTIFIER = it.ikeikeikeike.CamotesUITests;
				PRODUCT_NAME = "$(TARGET_NAME)";
				SWIFT_VERSION = 4.0;
				TARGETED_DEVICE_FAMILY = "1,2";
				TEST_TARGET_NAME = Camotes;
			};
			name = Debug;
		};
		88BEC0ED20839CF500F84D89 /* Release */ = {
			isa = XCBuildConfiguration;
			buildSettings = {
				ALWAYS_EMBED_SWIFT_STANDARD_LIBRARIES = YES;
				CODE_SIGN_STYLE = Automatic;
				DEVELOPMENT_TEAM = B9QFL4ZF2R;
				INFOPLIST_FILE = CamotesUITests/Info.plist;
				LD_RUNPATH_SEARCH_PATHS = (
					"$(inherited)",
					"@executable_path/Frameworks",
					"@loader_path/Frameworks",
				);
				PRODUCT_BUNDLE_IDENTIFIER = it.ikeikeikeike.CamotesUITests;
				PRODUCT_NAME = "$(TARGET_NAME)";
				SWIFT_VERSION = 4.0;
				TARGETED_DEVICE_FAMILY = "1,2";
				TEST_TARGET_NAME = Camotes;
			};
			name = Release;
		};
/* End XCBuildConfiguration section */

/* Begin XCConfigurationList section */
		88BEC0B820839CF300F84D89 /* Build configuration list for PBXProject "Camotes" */ = {
			isa = XCConfigurationList;
			buildConfigurations = (
				88BEC0E320839CF500F84D89 /* Debug */,
				88BEC0E420839CF500F84D89 /* Release */,
			);
			defaultConfigurationIsVisible = 0;
			defaultConfigurationName = Release;
		};
		88BEC0E520839CF500F84D89 /* Build configuration list for PBXNativeTarget "Camotes" */ = {
			isa = XCConfigurationList;
			buildConfigurations = (
				88BEC0E620839CF500F84D89 /* Debug */,
				88BEC0E720839CF500F84D89 /* Release */,
			);
			defaultConfigurationIsVisible = 0;
			defaultConfigurationName = Release;
		};
		88BEC0E820839CF500F84D89 /* Build configuration list for PBXNativeTarget "CamotesTests" */ = {
			isa = XCConfigurationList;
			buildConfigurations = (
				88BEC0E920839CF500F84D89 /* Debug */,
				88BEC0EA20839CF500F84D89 /* Release */,
			);
			defaultConfigurationIsVisible = 0;
			defaultConfigurationName = Release;
		};
		88BEC0EB20839CF500F84D89 /* Build configuration list for PBXNativeTarget "CamotesUITests" */ = {
			isa = XCConfigurationList;
			buildConfigurations = (
				88BEC0EC20839CF500F84D89 /* Debug */,
				88BEC0ED20839CF500F84D89 /* Release */,
			);
			defaultConfigurationIsVisible = 0;
			defaultConfigurationName = Release;
		};
/* End XCConfigurationList section */
	};
	rootObject = 88BEC0B520839CF300F84D89 /* Project object */;
}
